
Microsoft Visual Studio Solution File, Format Version 12.00
# Visual Studio 15
VisualStudioVersion = 15.0.28010.2041
MinimumVisualStudioVersion = 10.0.40219.1
Project("{F184B08F-C81C-45F6-A57F-5ABD9991F28F}") = "BackEnd", "BackEnd\BackEnd.vbproj", "{2BE09CE0-7005-4523-A745-8AA6D36A769C}"
EndProject
Project("{F184B08F-C81C-45F6-A57F-5ABD9991F28F}") = "KarensBaseClasses", "KarensBaseClasses\KarensBaseClasses.vbproj", "{9DED29F3-8DCE-4E97-B051-F801E630A455}"
EndProject
Project("{F184B08F-C81C-45F6-A57F-5ABD9991F28F}") = "FactoryListeners", "FactoryListeners\FactoryListeners.vbproj", "{52AAD3F8-14F4-47B8-AEAE-83861F9D7CF5}"
EndProject
Project("{F184B08F-C81C-45F6-A57F-5ABD9991F28F}") = "ConfigurationLibrary_vb", "ConfigurationLibrary_vb\ConfigurationLibrary_vb.vbproj", "{875B79DA-DC37-4C0F-BF3A-5B445C421D7C}"
EndProject
Project("{F184B08F-C81C-45F6-A57F-5ABD9991F28F}") = "CrudeOperationsSimple", "FrontEnd\CrudeOperationsSimple.vbproj", "{0E7C5061-63DF-49BF-82FE-C653C62786B3}"
EndProject
Project("{2150E333-8FDC-42A3-9474-1A3956D46DE8}") = "Libraries", "Libraries", "{E3F496A4-871B-4A80-84FA-75C7EF2F0E5D}"
EndProject
Project("{2150E333-8FDC-42A3-9474-1A3956D46DE8}") = "Examples", "Examples", "{085C30FB-D89A-4434-ABF9-CCF12C828B75}"
EndProject
Project("{2150E333-8FDC-42A3-9474-1A3956D46DE8}") = "Solution Items", "Solution Items", "{B761ED16-E579-4B19-8C53-F2E67FDFAC3F}"
	ProjectSection(SolutionItems) = preProject
		readme.md = readme.md
	EndProjectSection
EndProject
Project("{F184B08F-C81C-45F6-A57F-5ABD9991F28F}") = "TwoDataReaders", "Demo2\TwoDataReaders.vbproj", "{478CD181-021C-44FD-91F9-3235A6689E3A}"
EndProject
Project("{F184B08F-C81C-45F6-A57F-5ABD9991F28F}") = "BackendBlobs", "BackendBlobs\BackendBlobs.vbproj", "{584C2BB0-AE64-48BE-89AF-6CBDF8F8A163}"
EndProject
Project("{F184B08F-C81C-45F6-A57F-5ABD9991F28F}") = "WorkingWithBinaryData", "WorkingWithBlobs\WorkingWithBinaryData.vbproj", "{79B1E08F-9AD3-47A4-BBC9-020DE9D24F91}"
EndProject
Project("{F184B08F-C81C-45F6-A57F-5ABD9991F28F}") = "AddingMultipleRecords", "AddingMultipleRecords\AddingMultipleRecords.vbproj", "{C72693D3-27F2-48B4-8604-4441E630D795}"
EndProject
Project("{F184B08F-C81C-45F6-A57F-5ABD9991F28F}") = "LoginLibrary", "LoginLibrary\LoginLibrary.vbproj", "{F4F19B6F-3463-4E7B-BE6F-73F49D64B92E}"
EndProject
Project("{F184B08F-C81C-45F6-A57F-5ABD9991F28F}") = "LoginFrontend", "LoginFrontEnd\LoginFrontend.vbproj", "{76BB4360-41AC-4911-B0A8-CAED2C922832}"
EndProject
Project("{F184B08F-C81C-45F6-A57F-5ABD9991F28F}") = "BasicTransactionInsertRecord", "BasicTransactionInsertRecord\BasicTransactionInsertRecord.vbproj", "{FF5BAB4F-3943-40F3-B0E5-A6021A18D657}"
EndProject
Project("{F184B08F-C81C-45F6-A57F-5ABD9991F28F}") = "MasterDetailsDataLibrary", "MasterDetailsDataLibrary\MasterDetailsDataLibrary.vbproj", "{EFEEB293-F4E1-476D-84F3-64F09FE02D7A}"
EndProject
Project("{F184B08F-C81C-45F6-A57F-5ABD9991F28F}") = "MasterDetailRelation", "MasterDetailRelation\MasterDetailRelation.vbproj", "{03DA4FE2-47A8-4078-B70F-47D75E2A5D44}"
EndProject
Project("{F184B08F-C81C-45F6-A57F-5ABD9991F28F}") = "DatabaseTableDesignConsiderations", "DatabaseTableDesignConsiderations\DatabaseTableDesignConsiderations.vbproj", "{4628C63B-E05C-4B10-94D1-D3A028920FED}"
EndProject
Project("{F184B08F-C81C-45F6-A57F-5ABD9991F28F}") = "ControlConsiderationsForDataGridView", "ControlConsiderationsForDataGridView\ControlConsiderationsForDataGridView.vbproj", "{09C9E361-A13C-4704-AF68-E240C60A92F3}"
EndProject
Project("{F184B08F-C81C-45F6-A57F-5ABD9991F28F}") = "ControlConsiderationsGeneral", "ControlConsiderationsGeneral\ControlConsiderationsGeneral.vbproj", "{3D2817FB-2D3F-4386-9CB0-5F46C049BB84}"
EndProject
Project("{F184B08F-C81C-45F6-A57F-5ABD9991F28F}") = "WindowsFormsLibrary", "WindowsFormsLibrary\WindowsFormsLibrary.vbproj", "{AA42449A-2596-49EF-B4A9-662198D4E23F}"
EndProject
Project("{F184B08F-C81C-45F6-A57F-5ABD9991F28F}") = "JustLetMeCodeAlready", "JustLetMeCodeAlready\JustLetMeCodeAlready.vbproj", "{C40C9C39-5AE3-4EE1-8986-43C465B3B2D2}"
EndProject
Project("{F184B08F-C81C-45F6-A57F-5ABD9991F28F}") = "BasicReadTable", "BasicReadTable\BasicReadTable.vbproj", "{21C6F1BE-4D98-414D-AB38-A70D8DCF2FF9}"
EndProject
Project("{F184B08F-C81C-45F6-A57F-5ABD9991F28F}") = "BlackListed", "BlackListed\BlackListed.vbproj", "{859C2944-FA48-41DD-BDF1-5496BD3B8A29}"
EndProject
Global
	GlobalSection(SolutionConfigurationPlatforms) = preSolution
		Debug|Any CPU = Debug|Any CPU
		Debug|x86 = Debug|x86
		Release|Any CPU = Release|Any CPU
		Release|x86 = Release|x86
	EndGlobalSection
	GlobalSection(ProjectConfigurationPlatforms) = postSolution
		{2BE09CE0-7005-4523-A745-8AA6D36A769C}.Debug|Any CPU.ActiveCfg = Debug|Any CPU
		{2BE09CE0-7005-4523-A745-8AA6D36A769C}.Debug|Any CPU.Build.0 = Debug|Any CPU
		{2BE09CE0-7005-4523-A745-8AA6D36A769C}.Debug|x86.ActiveCfg = Debug|Any CPU
		{2BE09CE0-7005-4523-A745-8AA6D36A769C}.Debug|x86.Build.0 = Debug|Any CPU
		{2BE09CE0-7005-4523-A745-8AA6D36A769C}.Release|Any CPU.ActiveCfg = Release|Any CPU
		{2BE09CE0-7005-4523-A745-8AA6D36A769C}.Release|Any CPU.Build.0 = Release|Any CPU
		{2BE09CE0-7005-4523-A745-8AA6D36A769C}.Release|x86.ActiveCfg = Release|Any CPU
		{2BE09CE0-7005-4523-A745-8AA6D36A769C}.Release|x86.Build.0 = Release|Any CPU
		{9DED29F3-8DCE-4E97-B051-F801E630A455}.Debug|Any CPU.ActiveCfg = Debug|Any CPU
		{9DED29F3-8DCE-4E97-B051-F801E630A455}.Debug|Any CPU.Build.0 = Debug|Any CPU
		{9DED29F3-8DCE-4E97-B051-F801E630A455}.Debug|x86.ActiveCfg = Debug|Any CPU
		{9DED29F3-8DCE-4E97-B051-F801E630A455}.Debug|x86.Build.0 = Debug|Any CPU
		{9DED29F3-8DCE-4E97-B051-F801E630A455}.Release|Any CPU.ActiveCfg = Release|Any CPU
		{9DED29F3-8DCE-4E97-B051-F801E630A455}.Release|Any CPU.Build.0 = Release|Any CPU
		{9DED29F3-8DCE-4E97-B051-F801E630A455}.Release|x86.ActiveCfg = Release|Any CPU
		{9DED29F3-8DCE-4E97-B051-F801E630A455}.Release|x86.Build.0 = Release|Any CPU
		{52AAD3F8-14F4-47B8-AEAE-83861F9D7CF5}.Debug|Any CPU.ActiveCfg = Debug|Any CPU
		{52AAD3F8-14F4-47B8-AEAE-83861F9D7CF5}.Debug|Any CPU.Build.0 = Debug|Any CPU
		{52AAD3F8-14F4-47B8-AEAE-83861F9D7CF5}.Debug|x86.ActiveCfg = Debug|Any CPU
		{52AAD3F8-14F4-47B8-AEAE-83861F9D7CF5}.Debug|x86.Build.0 = Debug|Any CPU
		{52AAD3F8-14F4-47B8-AEAE-83861F9D7CF5}.Release|Any CPU.ActiveCfg = Release|Any CPU
		{52AAD3F8-14F4-47B8-AEAE-83861F9D7CF5}.Release|Any CPU.Build.0 = Release|Any CPU
		{52AAD3F8-14F4-47B8-AEAE-83861F9D7CF5}.Release|x86.ActiveCfg = Release|Any CPU
		{52AAD3F8-14F4-47B8-AEAE-83861F9D7CF5}.Release|x86.Build.0 = Release|Any CPU
		{875B79DA-DC37-4C0F-BF3A-5B445C421D7C}.Debug|Any CPU.ActiveCfg = Debug|Any CPU
		{875B79DA-DC37-4C0F-BF3A-5B445C421D7C}.Debug|Any CPU.Build.0 = Debug|Any CPU
		{875B79DA-DC37-4C0F-BF3A-5B445C421D7C}.Debug|x86.ActiveCfg = Debug|Any CPU
		{875B79DA-DC37-4C0F-BF3A-5B445C421D7C}.Debug|x86.Build.0 = Debug|Any CPU
		{875B79DA-DC37-4C0F-BF3A-5B445C421D7C}.Release|Any CPU.ActiveCfg = Release|Any CPU
		{875B79DA-DC37-4C0F-BF3A-5B445C421D7C}.Release|Any CPU.Build.0 = Release|Any CPU
		{875B79DA-DC37-4C0F-BF3A-5B445C421D7C}.Release|x86.ActiveCfg = Release|Any CPU
		{875B79DA-DC37-4C0F-BF3A-5B445C421D7C}.Release|x86.Build.0 = Release|Any CPU
		{0E7C5061-63DF-49BF-82FE-C653C62786B3}.Debug|Any CPU.ActiveCfg = Debug|x86
		{0E7C5061-63DF-49BF-82FE-C653C62786B3}.Debug|Any CPU.Build.0 = Debug|x86
		{0E7C5061-63DF-49BF-82FE-C653C62786B3}.Debug|x86.ActiveCfg = Debug|x86
		{0E7C5061-63DF-49BF-82FE-C653C62786B3}.Debug|x86.Build.0 = Debug|x86
		{0E7C5061-63DF-49BF-82FE-C653C62786B3}.Release|Any CPU.ActiveCfg = Release|x86
		{0E7C5061-63DF-49BF-82FE-C653C62786B3}.Release|x86.ActiveCfg = Release|x86
		{0E7C5061-63DF-49BF-82FE-C653C62786B3}.Release|x86.Build.0 = Release|x86
		{478CD181-021C-44FD-91F9-3235A6689E3A}.Debug|Any CPU.ActiveCfg = Debug|Any CPU
		{478CD181-021C-44FD-91F9-3235A6689E3A}.Debug|Any CPU.Build.0 = Debug|Any CPU
		{478CD181-021C-44FD-91F9-3235A6689E3A}.Debug|x86.ActiveCfg = Debug|Any CPU
		{478CD181-021C-44FD-91F9-3235A6689E3A}.Debug|x86.Build.0 = Debug|Any CPU
		{478CD181-021C-44FD-91F9-3235A6689E3A}.Release|Any CPU.ActiveCfg = Release|Any CPU
		{478CD181-021C-44FD-91F9-3235A6689E3A}.Release|Any CPU.Build.0 = Release|Any CPU
		{478CD181-021C-44FD-91F9-3235A6689E3A}.Release|x86.ActiveCfg = Release|Any CPU
		{478CD181-021C-44FD-91F9-3235A6689E3A}.Release|x86.Build.0 = Release|Any CPU
		{584C2BB0-AE64-48BE-89AF-6CBDF8F8A163}.Debug|Any CPU.ActiveCfg = Debug|Any CPU
		{584C2BB0-AE64-48BE-89AF-6CBDF8F8A163}.Debug|Any CPU.Build.0 = Debug|Any CPU
		{584C2BB0-AE64-48BE-89AF-6CBDF8F8A163}.Debug|x86.ActiveCfg = Debug|Any CPU
		{584C2BB0-AE64-48BE-89AF-6CBDF8F8A163}.Debug|x86.Build.0 = Debug|Any CPU
		{584C2BB0-AE64-48BE-89AF-6CBDF8F8A163}.Release|Any CPU.ActiveCfg = Release|Any CPU
		{584C2BB0-AE64-48BE-89AF-6CBDF8F8A163}.Release|Any CPU.Build.0 = Release|Any CPU
		{584C2BB0-AE64-48BE-89AF-6CBDF8F8A163}.Release|x86.ActiveCfg = Release|Any CPU
		{584C2BB0-AE64-48BE-89AF-6CBDF8F8A163}.Release|x86.Build.0 = Release|Any CPU
		{79B1E08F-9AD3-47A4-BBC9-020DE9D24F91}.Debug|Any CPU.ActiveCfg = Debug|Any CPU
		{79B1E08F-9AD3-47A4-BBC9-020DE9D24F91}.Debug|Any CPU.Build.0 = Debug|Any CPU
		{79B1E08F-9AD3-47A4-BBC9-020DE9D24F91}.Debug|x86.ActiveCfg = Debug|Any CPU
		{79B1E08F-9AD3-47A4-BBC9-020DE9D24F91}.Debug|x86.Build.0 = Debug|Any CPU
		{79B1E08F-9AD3-47A4-BBC9-020DE9D24F91}.Release|Any CPU.ActiveCfg = Release|Any CPU
		{79B1E08F-9AD3-47A4-BBC9-020DE9D24F91}.Release|Any CPU.Build.0 = Release|Any CPU
		{79B1E08F-9AD3-47A4-BBC9-020DE9D24F91}.Release|x86.ActiveCfg = Release|Any CPU
		{79B1E08F-9AD3-47A4-BBC9-020DE9D24F91}.Release|x86.Build.0 = Release|Any CPU
		{C72693D3-27F2-48B4-8604-4441E630D795}.Debug|Any CPU.ActiveCfg = Debug|Any CPU
		{C72693D3-27F2-48B4-8604-4441E630D795}.Debug|Any CPU.Build.0 = Debug|Any CPU
		{C72693D3-27F2-48B4-8604-4441E630D795}.Debug|x86.ActiveCfg = Debug|Any CPU
		{C72693D3-27F2-48B4-8604-4441E630D795}.Debug|x86.Build.0 = Debug|Any CPU
		{C72693D3-27F2-48B4-8604-4441E630D795}.Release|Any CPU.ActiveCfg = Release|Any CPU
		{C72693D3-27F2-48B4-8604-4441E630D795}.Release|Any CPU.Build.0 = Release|Any CPU
		{C72693D3-27F2-48B4-8604-4441E630D795}.Release|x86.ActiveCfg = Release|Any CPU
		{C72693D3-27F2-48B4-8604-4441E630D795}.Release|x86.Build.0 = Release|Any CPU
		{F4F19B6F-3463-4E7B-BE6F-73F49D64B92E}.Debug|Any CPU.ActiveCfg = Debug|Any CPU
		{F4F19B6F-3463-4E7B-BE6F-73F49D64B92E}.Debug|Any CPU.Build.0 = Debug|Any CPU
		{F4F19B6F-3463-4E7B-BE6F-73F49D64B92E}.Debug|x86.ActiveCfg = Debug|Any CPU
		{F4F19B6F-3463-4E7B-BE6F-73F49D64B92E}.Debug|x86.Build.0 = Debug|Any CPU
		{F4F19B6F-3463-4E7B-BE6F-73F49D64B92E}.Release|Any CPU.ActiveCfg = Release|Any CPU
		{F4F19B6F-3463-4E7B-BE6F-73F49D64B92E}.Release|Any CPU.Build.0 = Release|Any CPU
		{F4F19B6F-3463-4E7B-BE6F-73F49D64B92E}.Release|x86.ActiveCfg = Release|Any CPU
		{F4F19B6F-3463-4E7B-BE6F-73F49D64B92E}.Release|x86.Build.0 = Release|Any CPU
		{76BB4360-41AC-4911-B0A8-CAED2C922832}.Debug|Any CPU.ActiveCfg = Debug|Any CPU
		{76BB4360-41AC-4911-B0A8-CAED2C922832}.Debug|Any CPU.Build.0 = Debug|Any CPU
		{76BB4360-41AC-4911-B0A8-CAED2C922832}.Debug|x86.ActiveCfg = Debug|Any CPU
		{76BB4360-41AC-4911-B0A8-CAED2C922832}.Debug|x86.Build.0 = Debug|Any CPU
		{76BB4360-41AC-4911-B0A8-CAED2C922832}.Release|Any CPU.ActiveCfg = Release|Any CPU
		{76BB4360-41AC-4911-B0A8-CAED2C922832}.Release|Any CPU.Build.0 = Release|Any CPU
		{76BB4360-41AC-4911-B0A8-CAED2C922832}.Release|x86.ActiveCfg = Release|Any CPU
		{76BB4360-41AC-4911-B0A8-CAED2C922832}.Release|x86.Build.0 = Release|Any CPU
		{FF5BAB4F-3943-40F3-B0E5-A6021A18D657}.Debug|Any CPU.ActiveCfg = Debug|Any CPU
		{FF5BAB4F-3943-40F3-B0E5-A6021A18D657}.Debug|Any CPU.Build.0 = Debug|Any CPU
		{FF5BAB4F-3943-40F3-B0E5-A6021A18D657}.Debug|x86.ActiveCfg = Debug|Any CPU
		{FF5BAB4F-3943-40F3-B0E5-A6021A18D657}.Debug|x86.Build.0 = Debug|Any CPU
		{FF5BAB4F-3943-40F3-B0E5-A6021A18D657}.Release|Any CPU.ActiveCfg = Release|Any CPU
		{FF5BAB4F-3943-40F3-B0E5-A6021A18D657}.Release|Any CPU.Build.0 = Release|Any CPU
		{FF5BAB4F-3943-40F3-B0E5-A6021A18D657}.Release|x86.ActiveCfg = Release|Any CPU
		{FF5BAB4F-3943-40F3-B0E5-A6021A18D657}.Release|x86.Build.0 = Release|Any CPU
		{EFEEB293-F4E1-476D-84F3-64F09FE02D7A}.Debug|Any CPU.ActiveCfg = Debug|Any CPU
		{EFEEB293-F4E1-476D-84F3-64F09FE02D7A}.Debug|Any CPU.Build.0 = Debug|Any CPU
		{EFEEB293-F4E1-476D-84F3-64F09FE02D7A}.Debug|x86.ActiveCfg = Debug|Any CPU
		{EFEEB293-F4E1-476D-84F3-64F09FE02D7A}.Debug|x86.Build.0 = Debug|Any CPU
		{EFEEB293-F4E1-476D-84F3-64F09FE02D7A}.Release|Any CPU.ActiveCfg = Release|Any CPU
		{EFEEB293-F4E1-476D-84F3-64F09FE02D7A}.Release|Any CPU.Build.0 = Release|Any CPU
		{EFEEB293-F4E1-476D-84F3-64F09FE02D7A}.Release|x86.ActiveCfg = Release|Any CPU
		{EFEEB293-F4E1-476D-84F3-64F09FE02D7A}.Release|x86.Build.0 = Release|Any CPU
		{03DA4FE2-47A8-4078-B70F-47D75E2A5D44}.Debug|Any CPU.ActiveCfg = Debug|Any CPU
		{03DA4FE2-47A8-4078-B70F-47D75E2A5D44}.Debug|Any CPU.Build.0 = Debug|Any CPU
		{03DA4FE2-47A8-4078-B70F-47D75E2A5D44}.Debug|x86.ActiveCfg = Debug|Any CPU
		{03DA4FE2-47A8-4078-B70F-47D75E2A5D44}.Debug|x86.Build.0 = Debug|Any CPU
		{03DA4FE2-47A8-4078-B70F-47D75E2A5D44}.Release|Any CPU.ActiveCfg = Release|Any CPU
		{03DA4FE2-47A8-4078-B70F-47D75E2A5D44}.Release|Any CPU.Build.0 = Release|Any CPU
		{03DA4FE2-47A8-4078-B70F-47D75E2A5D44}.Release|x86.ActiveCfg = Release|Any CPU
		{03DA4FE2-47A8-4078-B70F-47D75E2A5D44}.Release|x86.Build.0 = Release|Any CPU
		{4628C63B-E05C-4B10-94D1-D3A028920FED}.Debug|Any CPU.ActiveCfg = Debug|Any CPU
		{4628C63B-E05C-4B10-94D1-D3A028920FED}.Debug|Any CPU.Build.0 = Debug|Any CPU
		{4628C63B-E05C-4B10-94D1-D3A028920FED}.Debug|x86.ActiveCfg = Debug|Any CPU
		{4628C63B-E05C-4B10-94D1-D3A028920FED}.Debug|x86.Build.0 = Debug|Any CPU
		{4628C63B-E05C-4B10-94D1-D3A028920FED}.Release|Any CPU.ActiveCfg = Release|Any CPU
		{4628C63B-E05C-4B10-94D1-D3A028920FED}.Release|Any CPU.Build.0 = Release|Any CPU
		{4628C63B-E05C-4B10-94D1-D3A028920FED}.Release|x86.ActiveCfg = Release|Any CPU
		{4628C63B-E05C-4B10-94D1-D3A028920FED}.Release|x86.Build.0 = Release|Any CPU
		{09C9E361-A13C-4704-AF68-E240C60A92F3}.Debug|Any CPU.ActiveCfg = Debug|Any CPU
		{09C9E361-A13C-4704-AF68-E240C60A92F3}.Debug|Any CPU.Build.0 = Debug|Any CPU
		{09C9E361-A13C-4704-AF68-E240C60A92F3}.Debug|x86.ActiveCfg = Debug|Any CPU
		{09C9E361-A13C-4704-AF68-E240C60A92F3}.Debug|x86.Build.0 = Debug|Any CPU
		{09C9E361-A13C-4704-AF68-E240C60A92F3}.Release|Any CPU.ActiveCfg = Release|Any CPU
		{09C9E361-A13C-4704-AF68-E240C60A92F3}.Release|Any CPU.Build.0 = Release|Any CPU
		{09C9E361-A13C-4704-AF68-E240C60A92F3}.Release|x86.ActiveCfg = Release|Any CPU
		{09C9E361-A13C-4704-AF68-E240C60A92F3}.Release|x86.Build.0 = Release|Any CPU
		{3D2817FB-2D3F-4386-9CB0-5F46C049BB84}.Debug|Any CPU.ActiveCfg = Debug|Any CPU
		{3D2817FB-2D3F-4386-9CB0-5F46C049BB84}.Debug|Any CPU.Build.0 = Debug|Any CPU
		{3D2817FB-2D3F-4386-9CB0-5F46C049BB84}.Debug|x86.ActiveCfg = Debug|Any CPU
		{3D2817FB-2D3F-4386-9CB0-5F46C049BB84}.Debug|x86.Build.0 = Debug|Any CPU
		{3D2817FB-2D3F-4386-9CB0-5F46C049BB84}.Release|Any CPU.ActiveCfg = Release|Any CPU
		{3D2817FB-2D3F-4386-9CB0-5F46C049BB84}.Release|Any CPU.Build.0 = Release|Any CPU
		{3D2817FB-2D3F-4386-9CB0-5F46C049BB84}.Release|x86.ActiveCfg = Release|Any CPU
		{3D2817FB-2D3F-4386-9CB0-5F46C049BB84}.Release|x86.Build.0 = Release|Any CPU
		{AA42449A-2596-49EF-B4A9-662198D4E23F}.Debug|Any CPU.ActiveCfg = Debug|Any CPU
		{AA42449A-2596-49EF-B4A9-662198D4E23F}.Debug|Any CPU.Build.0 = Debug|Any CPU
		{AA42449A-2596-49EF-B4A9-662198D4E23F}.Debug|x86.ActiveCfg = Debug|Any CPU
		{AA42449A-2596-49EF-B4A9-662198D4E23F}.Debug|x86.Build.0 = Debug|Any CPU
		{AA42449A-2596-49EF-B4A9-662198D4E23F}.Release|Any CPU.ActiveCfg = Release|Any CPU
		{AA42449A-2596-49EF-B4A9-662198D4E23F}.Release|Any CPU.Build.0 = Release|Any CPU
		{AA42449A-2596-49EF-B4A9-662198D4E23F}.Release|x86.ActiveCfg = Release|Any CPU
		{AA42449A-2596-49EF-B4A9-662198D4E23F}.Release|x86.Build.0 = Release|Any CPU
		{C40C9C39-5AE3-4EE1-8986-43C465B3B2D2}.Debug|Any CPU.ActiveCfg = Debug|Any CPU
		{C40C9C39-5AE3-4EE1-8986-43C465B3B2D2}.Debug|Any CPU.Build.0 = Debug|Any CPU
		{C40C9C39-5AE3-4EE1-8986-43C465B3B2D2}.Debug|x86.ActiveCfg = Debug|Any CPU
		{C40C9C39-5AE3-4EE1-8986-43C465B3B2D2}.Debug|x86.Build.0 = Debug|Any CPU
		{C40C9C39-5AE3-4EE1-8986-43C465B3B2D2}.Release|Any CPU.ActiveCfg = Release|Any CPU
		{C40C9C39-5AE3-4EE1-8986-43C465B3B2D2}.Release|Any CPU.Build.0 = Release|Any CPU
		{C40C9C39-5AE3-4EE1-8986-43C465B3B2D2}.Release|x86.ActiveCfg = Release|Any CPU
		{C40C9C39-5AE3-4EE1-8986-43C465B3B2D2}.Release|x86.Build.0 = Release|Any CPU
		{21C6F1BE-4D98-414D-AB38-A70D8DCF2FF9}.Debug|Any CPU.ActiveCfg = Debug|Any CPU
		{21C6F1BE-4D98-414D-AB38-A70D8DCF2FF9}.Debug|Any CPU.Build.0 = Debug|Any CPU
		{21C6F1BE-4D98-414D-AB38-A70D8DCF2FF9}.Debug|x86.ActiveCfg = Debug|Any CPU
		{21C6F1BE-4D98-414D-AB38-A70D8DCF2FF9}.Debug|x86.Build.0 = Debug|Any CPU
		{21C6F1BE-4D98-414D-AB38-A70D8DCF2FF9}.Release|Any CPU.ActiveCfg = Release|Any CPU
		{21C6F1BE-4D98-414D-AB38-A70D8DCF2FF9}.Release|Any CPU.Build.0 = Release|Any CPU
		{21C6F1BE-4D98-414D-AB38-A70D8DCF2FF9}.Release|x86.ActiveCfg = Release|Any CPU
		{21C6F1BE-4D98-414D-AB38-A70D8DCF2FF9}.Release|x86.Build.0 = Release|Any CPU
		{859C2944-FA48-41DD-BDF1-5496BD3B8A29}.Debug|Any CPU.ActiveCfg = Debug|Any CPU
		{859C2944-FA48-41DD-BDF1-5496BD3B8A29}.Debug|Any CPU.Build.0 = Debug|Any CPU
		{859C2944-FA48-41DD-BDF1-5496BD3B8A29}.Debug|x86.ActiveCfg = Debug|Any CPU
		{859C2944-FA48-41DD-BDF1-5496BD3B8A29}.Debug|x86.Build.0 = Debug|Any CPU
		{859C2944-FA48-41DD-BDF1-5496BD3B8A29}.Release|Any CPU.ActiveCfg = Release|Any CPU
		{859C2944-FA48-41DD-BDF1-5496BD3B8A29}.Release|Any CPU.Build.0 = Release|Any CPU
		{859C2944-FA48-41DD-BDF1-5496BD3B8A29}.Release|x86.ActiveCfg = Release|Any CPU
		{859C2944-FA48-41DD-BDF1-5496BD3B8A29}.Release|x86.Build.0 = Release|Any CPU
	EndGlobalSection
	GlobalSection(SolutionProperties) = preSolution
		HideSolutionNode = FALSE
	EndGlobalSection
	GlobalSection(NestedProjects) = preSolution
		{2BE09CE0-7005-4523-A745-8AA6D36A769C} = {E3F496A4-871B-4A80-84FA-75C7EF2F0E5D}
		{9DED29F3-8DCE-4E97-B051-F801E630A455} = {E3F496A4-871B-4A80-84FA-75C7EF2F0E5D}
		{52AAD3F8-14F4-47B8-AEAE-83861F9D7CF5} = {085C30FB-D89A-4434-ABF9-CCF12C828B75}
		{875B79DA-DC37-4C0F-BF3A-5B445C421D7C} = {E3F496A4-871B-4A80-84FA-75C7EF2F0E5D}
		{0E7C5061-63DF-49BF-82FE-C653C62786B3} = {085C30FB-D89A-4434-ABF9-CCF12C828B75}
		{478CD181-021C-44FD-91F9-3235A6689E3A} = {085C30FB-D89A-4434-ABF9-CCF12C828B75}
		{584C2BB0-AE64-48BE-89AF-6CBDF8F8A163} = {E3F496A4-871B-4A80-84FA-75C7EF2F0E5D}
		{79B1E08F-9AD3-47A4-BBC9-020DE9D24F91} = {085C30FB-D89A-4434-ABF9-CCF12C828B75}
		{C72693D3-27F2-48B4-8604-4441E630D795} = {085C30FB-D89A-4434-ABF9-CCF12C828B75}
		{F4F19B6F-3463-4E7B-BE6F-73F49D64B92E} = {E3F496A4-871B-4A80-84FA-75C7EF2F0E5D}
		{76BB4360-41AC-4911-B0A8-CAED2C922832} = {085C30FB-D89A-4434-ABF9-CCF12C828B75}
		{FF5BAB4F-3943-40F3-B0E5-A6021A18D657} = {085C30FB-D89A-4434-ABF9-CCF12C828B75}
		{EFEEB293-F4E1-476D-84F3-64F09FE02D7A} = {E3F496A4-871B-4A80-84FA-75C7EF2F0E5D}
		{03DA4FE2-47A8-4078-B70F-47D75E2A5D44} = {085C30FB-D89A-4434-ABF9-CCF12C828B75}
		{4628C63B-E05C-4B10-94D1-D3A028920FED} = {085C30FB-D89A-4434-ABF9-CCF12C828B75}
		{09C9E361-A13C-4704-AF68-E240C60A92F3} = {085C30FB-D89A-4434-ABF9-CCF12C828B75}
		{3D2817FB-2D3F-4386-9CB0-5F46C049BB84} = {085C30FB-D89A-4434-ABF9-CCF12C828B75}
		{AA42449A-2596-49EF-B4A9-662198D4E23F} = {E3F496A4-871B-4A80-84FA-75C7EF2F0E5D}
		{C40C9C39-5AE3-4EE1-8986-43C465B3B2D2} = {085C30FB-D89A-4434-ABF9-CCF12C828B75}
		{21C6F1BE-4D98-414D-AB38-A70D8DCF2FF9} = {085C30FB-D89A-4434-ABF9-CCF12C828B75}
		{859C2944-FA48-41DD-BDF1-5496BD3B8A29} = {085C30FB-D89A-4434-ABF9-CCF12C828B75}
	EndGlobalSection
	GlobalSection(ExtensibilityGlobals) = postSolution
		SolutionGuid = {FAB3340A-360D-4095-BFAA-D12BEF771292}
	EndGlobalSection
EndGlobal
